// !$*UTF8*$!
{
	archiveVersion = 1;
	classes = {
	};
	objectVersion = 50;
	objects = {

/* Begin PBXBuildFile section */
		EDC144AA2600D854005739B1 /* SofaScoreHW1App.swift in Sources */ = {isa = PBXBuildFile; fileRef = EDC144A92600D854005739B1 /* SofaScoreHW1App.swift */; };
		EDC144AC2600D854005739B1 /* ClubsView.swift in Sources */ = {isa = PBXBuildFile; fileRef = EDC144AB2600D854005739B1 /* ClubsView.swift */; };
		EDC144AE2600D858005739B1 /* Assets.xcassets in Resources */ = {isa = PBXBuildFile; fileRef = EDC144AD2600D858005739B1 /* Assets.xcassets */; };
		EDC144B12600D858005739B1 /* Preview Assets.xcassets in Resources */ = {isa = PBXBuildFile; fileRef = EDC144B02600D858005739B1 /* Preview Assets.xcassets */; };
		EDC144BA2600DD1D005739B1 /* ClubsViewModel.swift in Sources */ = {isa = PBXBuildFile; fileRef = EDC144B92600DD1D005739B1 /* ClubsViewModel.swift */; };
		EDC144BD2600DD7D005739B1 /* Club.swift in Sources */ = {isa = PBXBuildFile; fileRef = EDC144BC2600DD7D005739B1 /* Club.swift */; };
		EDC144C42601247C005739B1 /* ClubTileView.swift in Sources */ = {isa = PBXBuildFile; fileRef = EDC144C32601247C005739B1 /* ClubTileView.swift */; };
/* End PBXBuildFile section */

/* Begin PBXFileReference section */
		EDC144A62600D854005739B1 /* SofaScoreHW1.app */ = {isa = PBXFileReference; explicitFileType = wrapper.application; includeInIndex = 0; path = SofaScoreHW1.app; sourceTree = BUILT_PRODUCTS_DIR; };
		EDC144A92600D854005739B1 /* SofaScoreHW1App.swift */ = {isa = PBXFileReference; lastKnownFileType = sourcecode.swift; path = SofaScoreHW1App.swift; sourceTree = "<group>"; };
		EDC144AB2600D854005739B1 /* ClubsView.swift */ = {isa = PBXFileReference; lastKnownFileType = sourcecode.swift; path = ClubsView.swift; sourceTree = "<group>"; };
		EDC144AD2600D858005739B1 /* Assets.xcassets */ = {isa = PBXFileReference; lastKnownFileType = folder.assetcatalog; path = Assets.xcassets; sourceTree = "<group>"; };
		EDC144B02600D858005739B1 /* Preview Assets.xcassets */ = {isa = PBXFileReference; lastKnownFileType = folder.assetcatalog; path = "Preview Assets.xcassets"; sourceTree = "<group>"; };
		EDC144B22600D858005739B1 /* Info.plist */ = {isa = PBXFileReference; lastKnownFileType = text.plist.xml; path = Info.plist; sourceTree = "<group>"; };
		EDC144B92600DD1D005739B1 /* ClubsViewModel.swift */ = {isa = PBXFileReference; lastKnownFileType = sourcecode.swift; path = ClubsViewModel.swift; sourceTree = "<group>"; };
		EDC144BC2600DD7D005739B1 /* Club.swift */ = {isa = PBXFileReference; lastKnownFileType = sourcecode.swift; path = Club.swift; sourceTree = "<group>"; };
		EDC144C32601247C005739B1 /* ClubTileView.swift */ = {isa = PBXFileReference; lastKnownFileType = sourcecode.swift; path = ClubTileView.swift; sourceTree = "<group>"; };
/* End PBXFileReference section */

/* Begin PBXFrameworksBuildPhase section */
		EDC144A32600D854005739B1 /* Frameworks */ = {
			isa = PBXFrameworksBuildPhase;
			buildActionMask = 2147483647;
			files = (
			);
			runOnlyForDeploymentPostprocessing = 0;
		};
/* End PBXFrameworksBuildPhase section */

/* Begin PBXGroup section */
		EDC1449D2600D854005739B1 = {
			isa = PBXGroup;
			children = (
				EDC144A82600D854005739B1 /* SofaScoreHW1 */,
				EDC144A72600D854005739B1 /* Products */,
			);
			sourceTree = "<group>";
		};
		EDC144A72600D854005739B1 /* Products */ = {
			isa = PBXGroup;
			children = (
				EDC144A62600D854005739B1 /* SofaScoreHW1.app */,
			);
			name = Products;
			sourceTree = "<group>";
		};
		EDC144A82600D854005739B1 /* SofaScoreHW1 */ = {
			isa = PBXGroup;
			children = (
				EDC144A92600D854005739B1 /* SofaScoreHW1App.swift */,
				EDC144AB2600D854005739B1 /* ClubsView.swift */,
				EDC144AD2600D858005739B1 /* Assets.xcassets */,
				EDC144B22600D858005739B1 /* Info.plist */,
				EDC144AF2600D858005739B1 /* Preview Content */,
				EDC144B92600DD1D005739B1 /* ClubsViewModel.swift */,
				EDC144BC2600DD7D005739B1 /* Club.swift */,
				EDC144C32601247C005739B1 /* ClubTileView.swift */,
			);
			path = SofaScoreHW1;
			sourceTree = "<group>";
		};
		EDC144AF2600D858005739B1 /* Preview Content */ = {
			isa = PBXGroup;
			children = (
				EDC144B02600D858005739B1 /* Preview Assets.xcassets */,
			);
			path = "Preview Content";
			sourceTree = "<group>";
		};
/* End PBXGroup section */

/* Begin PBXNativeTarget section */
		EDC144A52600D854005739B1 /* SofaScoreHW1 */ = {
			isa = PBXNativeTarget;
			buildConfigurationList = EDC144B52600D858005739B1 /* Build configuration list for PBXNativeTarget "SofaScoreHW1" */;
			buildPhases = (
				EDC144A22600D854005739B1 /* Sources */,
				EDC144A32600D854005739B1 /* Frameworks */,
				EDC144A42600D854005739B1 /* Resources */,
			);
			buildRules = (
			);
			dependencies = (
			);
			name = SofaScoreHW1;
			productName = SofaScoreHW1;
			productReference = EDC144A62600D854005739B1 /* SofaScoreHW1.app */;
			productType = "com.apple.product-type.application";
		};
/* End PBXNativeTarget section */

/* Begin PBXProject section */
		EDC1449E2600D854005739B1 /* Project object */ = {
			isa = PBXProject;
			attributes = {
				LastSwiftUpdateCheck = 1240;
				LastUpgradeCheck = 1240;
				TargetAttributes = {
					EDC144A52600D854005739B1 = {
						CreatedOnToolsVersion = 12.4;
					};
				};
			};
			buildConfigurationList = EDC144A12600D854005739B1 /* Build configuration list for PBXProject "SofaScoreHW1" */;
			compatibilityVersion = "Xcode 9.3";
			developmentRegion = en;
			hasScannedForEncodings = 0;
			knownRegions = (
				en,
				Base,
			);
			mainGroup = EDC1449D2600D854005739B1;
			productRefGroup = EDC144A72600D854005739B1 /* Products */;
			projectDirPath = "";
			projectRoot = "";
			targets = (
				EDC144A52600D854005739B1 /* SofaScoreHW1 */,
			);
		};
/* End PBXProject section */

/* Begin PBXResourcesBuildPhase section */
		EDC144A42600D854005739B1 /* Resources */ = {
			isa = PBXResourcesBuildPhase;
			buildActionMask = 2147483647;
			files = (
				EDC144B12600D858005739B1 /* Preview Assets.xcassets in Resources */,
				EDC144AE2600D858005739B1 /* Assets.xcassets in Resources */,
			);
			runOnlyForDeploymentPostprocessing = 0;
		};
/* End PBXResourcesBuildPhase section */

/* Begin PBXSourcesBuildPhase section */
		EDC144A22600D854005739B1 /* Sources */ = {
			isa = PBXSourcesBuildPhase;
			buildActionMask = 2147483647;
			files = (
				EDC144BD2600DD7D005739B1 /* Club.swift in Sources */,
				EDC144BA2600DD1D005739B1 /* ClubsViewModel.swift in Sources */,
				EDC144AC2600D854005739B1 /* ClubsView.swift in Sources */,
				EDC144AA2600D854005739B1 /* SofaScoreHW1App.swift in Sources */,
				EDC144C42601247C005739B1 /* ClubTileView.swift in Sources */,
			);
			runOnlyForDeploymentPostprocessing = 0;
		};
/* End PBXSourcesBuildPhase section */

/* Begin XCBuildConfiguration section */
		EDC144B32600D858005739B1 /* Debug */ = {
			isa = XCBuildConfiguration;
			buildSettings = {
				ALWAYS_SEARCH_USER_PATHS = NO;
				CLANG_ANALYZER_NONNULL = YES;
				CLANG_ANALYZER_NUMBER_OBJECT_CONVERSION = YES_AGGRESSIVE;
				CLANG_CXX_LANGUAGE_STANDARD = "gnu++14";
				CLANG_CXX_LIBRARY = "libc++";
				CLANG_ENABLE_MODULES = YES;
				CLANG_ENABLE_OBJC_ARC = YES;
				CLANG_ENABLE_OBJC_WEAK = YES;
				CLANG_WARN_BLOCK_CAPTURE_AUTORELEASING = YES;
				CLANG_WARN_BOOL_CONVERSION = YES;
				CLANG_WARN_COMMA = YES;
				CLANG_WARN_CONSTANT_CONVERSION = YES;
				CLANG_WARN_DEPRECATED_OBJC_IMPLEMENTATIONS = YES;
				CLANG_WARN_DIRECT_OBJC_ISA_USAGE = YES_ERROR;
				CLANG_WARN_DOCUMENTATION_COMMENTS = YES;
				CLANG_WARN_EMPTY_BODY = YES;
				CLANG_WARN_ENUM_CONVERSION = YES;
				CLANG_WARN_INFINITE_RECURSION = YES;
				CLANG_WARN_INT_CONVERSION = YES;
				CLANG_WARN_NON_LITERAL_NULL_CONVERSION = YES;
				CLANG_WARN_OBJC_IMPLICIT_RETAIN_SELF = YES;
				CLANG_WARN_OBJC_LITERAL_CONVERSION = YES;
				CLANG_WARN_OBJC_ROOT_CLASS = YES_ERROR;
				CLANG_WARN_QUOTED_INCLUDE_IN_FRAMEWORK_HEADER = YES;
				CLANG_WARN_RANGE_LOOP_ANALYSIS = YES;
				CLANG_WARN_STRICT_PROTOTYPES = YES;
				CLANG_WARN_SUSPICIOUS_MOVE = YES;
				CLANG_WARN_UNGUARDED_AVAILABILITY = YES_AGGRESSIVE;
				CLANG_WARN_UNREACHABLE_CODE = YES;
				CLANG_WARN__DUPLICATE_METHOD_MATCH = YES;
				COPY_PHASE_STRIP = NO;
				DEBUG_INFORMATION_FORMAT = dwarf;
				ENABLE_STRICT_OBJC_MSGSEND = YES;
				ENABLE_TESTABILITY = YES;
				GCC_C_LANGUAGE_STANDARD = gnu11;
				GCC_DYNAMIC_NO_PIC = NO;
				GCC_NO_COMMON_BLOCKS = YES;
				GCC_OPTIMIZATION_LEVEL = 0;
				GCC_PREPROCESSOR_DEFINITIONS = (
					"DEBUG=1",
					"$(inherited)",
				);
				GCC_WARN_64_TO_32_BIT_CONVERSION = YES;
				GCC_WARN_ABOUT_RETURN_TYPE = YES_ERROR;
				GCC_WARN_UNDECLARED_SELECTOR = YES;
				GCC_WARN_UNINITIALIZED_AUTOS = YES_AGGRESSIVE;
				GCC_WARN_UNUSED_FUNCTION = YES;
				GCC_WARN_UNUSED_VARIABLE = YES;
				IPHONEOS_DEPLOYMENT_TARGET = 14.4;
				MTL_ENABLE_DEBUG_INFO = INCLUDE_SOURCE;
				MTL_FAST_MATH = YES;
				ONLY_ACTIVE_ARCH = YES;
				SDKROOT = iphoneos;
				SWIFT_ACTIVE_COMPILATION_CONDITIONS = DEBUG;
				SWIFT_OPTIMIZATION_LEVEL = "-Onone";
			};
			name = Debug;
		};
		EDC144B42600D858005739B1 /* Release */ = {
			isa = XCBuildConfiguration;
			buildSettings = {
				ALWAYS_SEARCH_USER_PATHS = NO;
				CLANG_ANALYZER_NONNULL = YES;
				CLANG_ANALYZER_NUMBER_OBJECT_CONVERSION = YES_AGGRESSIVE;
				CLANG_CXX_LANGUAGE_STANDARD = "gnu++14";
				CLANG_CXX_LIBRARY = "libc++";
				CLANG_ENABLE_MODULES = YES;
				CLANG_ENABLE_OBJC_ARC = YES;
				CLANG_ENABLE_OBJC_WEAK = YES;
				CLANG_WARN_BLOCK_CAPTURE_AUTORELEASING = YES;
				CLANG_WARN_BOOL_CONVERSION = YES;
				CLANG_WARN_COMMA = YES;
				CLANG_WARN_CONSTANT_CONVERSION = YES;
				CLANG_WARN_DEPRECATED_OBJC_IMPLEMENTATIONS = YES;
				CLANG_WARN_DIRECT_OBJC_ISA_USAGE = YES_ERROR;
				CLANG_WARN_DOCUMENTATION_COMMENTS = YES;
				CLANG_WARN_EMPTY_BODY = YES;
				CLANG_WARN_ENUM_CONVERSION = YES;
				CLANG_WARN_INFINITE_RECURSION = YES;
				CLANG_WARN_INT_CONVERSION = YES;
				CLANG_WARN_NON_LITERAL_NULL_CONVERSION = YES;
				CLANG_WARN_OBJC_IMPLICIT_RETAIN_SELF = YES;
				CLANG_WARN_OBJC_LITERAL_CONVERSION = YES;
				CLANG_WARN_OBJC_ROOT_CLASS = YES_ERROR;
				CLANG_WARN_QUOTED_INCLUDE_IN_FRAMEWORK_HEADER = YES;
				CLANG_WARN_RANGE_LOOP_ANALYSIS = YES;
				CLANG_WARN_STRICT_PROTOTYPES = YES;
				CLANG_WARN_SUSPICIOUS_MOVE = YES;
				CLANG_WARN_UNGUARDED_AVAILABILITY = YES_AGGRESSIVE;
				CLANG_WARN_UNREACHABLE_CODE = YES;
				CLANG_WARN__DUPLICATE_METHOD_MATCH = YES;
				COPY_PHASE_STRIP = NO;
				DEBUG_INFORMATION_FORMAT = "dwarf-with-dsym";
				ENABLE_NS_ASSERTIONS = NO;
				ENABLE_STRICT_OBJC_MSGSEND = YES;
				GCC_C_LANGUAGE_STANDARD = gnu11;
				GCC_NO_COMMON_BLOCKS = YES;
				GCC_WARN_64_TO_32_BIT_CONVERSION = YES;
				GCC_WARN_ABOUT_RETURN_TYPE = YES_ERROR;
				GCC_WARN_UNDECLARED_SELECTOR = YES;
				GCC_WARN_UNINITIALIZED_AUTOS = YES_AGGRESSIVE;
				GCC_WARN_UNUSED_FUNCTION = YES;
				GCC_WARN_UNUSED_VARIABLE = YES;
				IPHONEOS_DEPLOYMENT_TARGET = 14.4;
				MTL_ENABLE_DEBUG_INFO = NO;
				MTL_FAST_MATH = YES;
				SDKROOT = iphoneos;
				SWIFT_COMPILATION_MODE = wholemodule;
				SWIFT_OPTIMIZATION_LEVEL = "-O";
				VALIDATE_PRODUCT = YES;
			};
			name = Release;
		};
		EDC144B62600D858005739B1 /* Debug */ = {
			isa = XCBuildConfiguration;
			buildSettings = {
				ASSETCATALOG_COMPILER_APPICON_NAME = AppIcon;
				ASSETCATALOG_COMPILER_GLOBAL_ACCENT_COLOR_NAME = AccentColor;
				CODE_SIGN_STYLE = Automatic;
				DEVELOPMENT_ASSET_PATHS = "\"SofaScoreHW1/Preview Content\"";
				ENABLE_PREVIEWS = YES;
				INFOPLIST_FILE = SofaScoreHW1/Info.plist;
				IPHONEOS_DEPLOYMENT_TARGET = 14.0;
				LD_RUNPATH_SEARCH_PATHS = (
					"$(inherited)",
					"@executable_path/Frameworks",
				);
				PRODUCT_BUNDLE_IDENTIFIER = com.SofaScore.iOS.SofaScoreHW1;
				PRODUCT_NAME = "$(TARGET_NAME)";
				SWIFT_VERSION = 5.0;
				TARGETED_DEVICE_FAMILY = "1,2";
			};
			name = Debug;
		};
		EDC144B72600D858005739B1 /* Release */ = {
			isa = XCBuildConfiguration;
			buildSettings = {
				ASSETCATALOG_COMPILER_APPICON_NAME = AppIcon;
				ASSETCATALOG_COMPILER_GLOBAL_ACCENT_COLOR_NAME = AccentColor;
				CODE_SIGN_STYLE = Automatic;
				DEVELOPMENT_ASSET_PATHS = "\"SofaScoreHW1/Preview Content\"";
				ENABLE_PREVIEWS = YES;
				INFOPLIST_FILE = SofaScoreHW1/Info.plist;
				IPHONEOS_DEPLOYMENT_TARGET = 14.0;
				LD_RUNPATH_SEARCH_PATHS = (
					"$(inherited)",
					"@executable_path/Frameworks",
				);
				PRODUCT_BUNDLE_IDENTIFIER = com.SofaScore.iOS.SofaScoreHW1;
				PRODUCT_NAME = "$(TARGET_NAME)";
				SWIFT_VERSION = 5.0;
				TARGETED_DEVICE_FAMILY = "1,2";
			};
			name = Release;
		};
/* End XCBuildConfiguration section */

/* Begin XCConfigurationList section */
		EDC144A12600D854005739B1 /* Build configuration list for PBXProject "SofaScoreHW1" */ = {
			isa = XCConfigurationList;
			buildConfigurations = (
				EDC144B32600D858005739B1 /* Debug */,
				EDC144B42600D858005739B1 /* Release */,
			);
			defaultConfigurationIsVisible = 0;
			defaultConfigurationName = Release;
		};
		EDC144B52600D858005739B1 /* Build configuration list for PBXNativeTarget "SofaScoreHW1" */ = {
			isa = XCConfigurationList;
			buildConfigurations = (
				EDC144B62600D858005739B1 /* Debug */,
				EDC144B72600D858005739B1 /* Release */,
			);
			defaultConfigurationIsVisible = 0;
			defaultConfigurationName = Release;
		};
/* End XCConfigurationList section */
	};
	rootObject = EDC1449E2600D854005739B1 /* Project object */;
}
